// !$*UTF8*$!
{
	archiveVersion = 1;
	classes = {
	};
	objectVersion = 50;
	objects = {

/* Begin PBXBuildFile section */
		1D204FDE230C2263006D5147 /* StretchyHeaderLayout.swift in Sources */ = {isa = PBXBuildFile; fileRef = 1D204FDD230C2263006D5147 /* StretchyHeaderLayout.swift */; };
		1DE479ED230A9486007B5DF7 /* IMG_0519 (1).JPG in Resources */ = {isa = PBXBuildFile; fileRef = 1DE479EC230A9486007B5DF7 /* IMG_0519 (1).JPG */; };
		1DF813FB2307256600C244AE /* AppDelegate.swift in Sources */ = {isa = PBXBuildFile; fileRef = 1DF813FA2307256600C244AE /* AppDelegate.swift */; };
		1DF813FD2307256600C244AE /* RootViewController.swift in Sources */ = {isa = PBXBuildFile; fileRef = 1DF813FC2307256600C244AE /* RootViewController.swift */; };
		1DF814002307256600C244AE /* Main.storyboard in Resources */ = {isa = PBXBuildFile; fileRef = 1DF813FE2307256600C244AE /* Main.storyboard */; };
		1DF814022307256800C244AE /* Assets.xcassets in Resources */ = {isa = PBXBuildFile; fileRef = 1DF814012307256800C244AE /* Assets.xcassets */; };
		1DF814052307256800C244AE /* LaunchScreen.storyboard in Resources */ = {isa = PBXBuildFile; fileRef = 1DF814032307256800C244AE /* LaunchScreen.storyboard */; };
		1DF8140D2307260C00C244AE /* HeaderView.swift in Sources */ = {isa = PBXBuildFile; fileRef = 1DF8140C2307260C00C244AE /* HeaderView.swift */; };
/* End PBXBuildFile section */

/* Begin PBXFileReference section */
		1D204FDD230C2263006D5147 /* StretchyHeaderLayout.swift */ = {isa = PBXFileReference; lastKnownFileType = sourcecode.swift; path = StretchyHeaderLayout.swift; sourceTree = "<group>"; };
		1DE479EC230A9486007B5DF7 /* IMG_0519 (1).JPG */ = {isa = PBXFileReference; lastKnownFileType = image.jpeg; path = "IMG_0519 (1).JPG"; sourceTree = "<group>"; };
		1DF813F72307256600C244AE /* TwitterProfileLayout.app */ = {isa = PBXFileReference; explicitFileType = wrapper.application; includeInIndex = 0; path = TwitterProfileLayout.app; sourceTree = BUILT_PRODUCTS_DIR; };
		1DF813FA2307256600C244AE /* AppDelegate.swift */ = {isa = PBXFileReference; lastKnownFileType = sourcecode.swift; path = AppDelegate.swift; sourceTree = "<group>"; };
		1DF813FC2307256600C244AE /* RootViewController.swift */ = {isa = PBXFileReference; lastKnownFileType = sourcecode.swift; path = RootViewController.swift; sourceTree = "<group>"; };
		1DF813FF2307256600C244AE /* Base */ = {isa = PBXFileReference; lastKnownFileType = file.storyboard; name = Base; path = Base.lproj/Main.storyboard; sourceTree = "<group>"; };
		1DF814012307256800C244AE /* Assets.xcassets */ = {isa = PBXFileReference; lastKnownFileType = folder.assetcatalog; path = Assets.xcassets; sourceTree = "<group>"; };
		1DF814042307256800C244AE /* Base */ = {isa = PBXFileReference; lastKnownFileType = file.storyboard; name = Base; path = Base.lproj/LaunchScreen.storyboard; sourceTree = "<group>"; };
		1DF814062307256800C244AE /* Info.plist */ = {isa = PBXFileReference; lastKnownFileType = text.plist.xml; path = Info.plist; sourceTree = "<group>"; };
		1DF8140C2307260C00C244AE /* HeaderView.swift */ = {isa = PBXFileReference; lastKnownFileType = sourcecode.swift; path = HeaderView.swift; sourceTree = "<group>"; };
/* End PBXFileReference section */

/* Begin PBXFrameworksBuildPhase section */
		1DF813F42307256600C244AE /* Frameworks */ = {
			isa = PBXFrameworksBuildPhase;
			buildActionMask = 2147483647;
			files = (
			);
			runOnlyForDeploymentPostprocessing = 0;
		};
/* End PBXFrameworksBuildPhase section */

/* Begin PBXGroup section */
		1DF813EE2307256600C244AE = {
			isa = PBXGroup;
			children = (
				1D204FDD230C2263006D5147 /* StretchyHeaderLayout.swift */,
				1DF813F92307256600C244AE /* TwitterProfileLayout */,
				1DF813F82307256600C244AE /* Products */,
				1DE479EC230A9486007B5DF7 /* IMG_0519 (1).JPG */,
			);
			sourceTree = "<group>";
		};
		1DF813F82307256600C244AE /* Products */ = {
			isa = PBXGroup;
			children = (
				1DF813F72307256600C244AE /* TwitterProfileLayout.app */,
			);
			name = Products;
			sourceTree = "<group>";
		};
		1DF813F92307256600C244AE /* TwitterProfileLayout */ = {
			isa = PBXGroup;
			children = (
				1DF813FA2307256600C244AE /* AppDelegate.swift */,
				1DF813FC2307256600C244AE /* RootViewController.swift */,
				1DF8140C2307260C00C244AE /* HeaderView.swift */,
				1DF813FE2307256600C244AE /* Main.storyboard */,
				1DF814012307256800C244AE /* Assets.xcassets */,
				1DF814032307256800C244AE /* LaunchScreen.storyboard */,
				1DF814062307256800C244AE /* Info.plist */,
			);
			path = TwitterProfileLayout;
			sourceTree = "<group>";
		};
/* End PBXGroup section */

/* Begin PBXNativeTarget section */
		1DF813F62307256600C244AE /* TwitterProfileLayout */ = {
			isa = PBXNativeTarget;
			buildConfigurationList = 1DF814092307256800C244AE /* Build configuration list for PBXNativeTarget "TwitterProfileLayout" */;
			buildPhases = (
				1DF813F32307256600C244AE /* Sources */,
				1DF813F42307256600C244AE /* Frameworks */,
				1DF813F52307256600C244AE /* Resources */,
			);
			buildRules = (
			);
			dependencies = (
			);
			name = TwitterProfileLayout;
			productName = TwitterProfileLayout;
			productReference = 1DF813F72307256600C244AE /* TwitterProfileLayout.app */;
			productType = "com.apple.product-type.application";
		};
/* End PBXNativeTarget section */

/* Begin PBXProject section */
		1DF813EF2307256600C244AE /* Project object */ = {
			isa = PBXProject;
			attributes = {
				LastSwiftUpdateCheck = 1020;
				LastUpgradeCheck = 1020;
				ORGANIZATIONNAME = "Vibhor Gupta";
				TargetAttributes = {
					1DF813F62307256600C244AE = {
						CreatedOnToolsVersion = 10.2.1;
					};
				};
			};
			buildConfigurationList = 1DF813F22307256600C244AE /* Build configuration list for PBXProject "TwitterProfileLayout" */;
			compatibilityVersion = "Xcode 9.3";
			developmentRegion = en;
			hasScannedForEncodings = 0;
			knownRegions = (
				en,
				Base,
			);
			mainGroup = 1DF813EE2307256600C244AE;
			productRefGroup = 1DF813F82307256600C244AE /* Products */;
			projectDirPath = "";
			projectRoot = "";
			targets = (
				1DF813F62307256600C244AE /* TwitterProfileLayout */,
			);
		};
/* End PBXProject section */

/* Begin PBXResourcesBuildPhase section */
		1DF813F52307256600C244AE /* Resources */ = {
			isa = PBXResourcesBuildPhase;
			buildActionMask = 2147483647;
			files = (
				1DE479ED230A9486007B5DF7 /* IMG_0519 (1).JPG in Resources */,
				1DF814052307256800C244AE /* LaunchScreen.storyboard in Resources */,
				1DF814022307256800C244AE /* Assets.xcassets in Resources */,
				1DF814002307256600C244AE /* Main.storyboard in Resources */,
			);
			runOnlyForDeploymentPostprocessing = 0;
		};
/* End PBXResourcesBuildPhase section */

/* Begin PBXSourcesBuildPhase section */
		1DF813F32307256600C244AE /* Sources */ = {
			isa = PBXSourcesBuildPhase;
			buildActionMask = 2147483647;
			files = (
				1DF813FD2307256600C244AE /* RootViewController.swift in Sources */,
				1DF8140D2307260C00C244AE /* HeaderView.swift in Sources */,
				1D204FDE230C2263006D5147 /* StretchyHeaderLayout.swift in Sources */,
				1DF813FB2307256600C244AE /* AppDelegate.swift in Sources */,
			);
			runOnlyForDeploymentPostprocessing = 0;
		};
/* End PBXSourcesBuildPhase section */

/* Begin PBXVariantGroup section */
		1DF813FE2307256600C244AE /* Main.storyboard */ = {
			isa = PBXVariantGroup;
			children = (
				1DF813FF2307256600C244AE /* Base */,
			);
			name = Main.storyboard;
			sourceTree = "<group>";
		};
		1DF814032307256800C244AE /* LaunchScreen.storyboard */ = {
			isa = PBXVariantGroup;
			children = (
				1DF814042307256800C244AE /* Base */,
			);
			name = LaunchScreen.storyboard;
			sourceTree = "<group>";
		};
/* End PBXVariantGroup section */

/* Begin XCBuildConfiguration section */
		1DF814072307256800C244AE /* Debug */ = {
			isa = XCBuildConfiguration;
			buildSettings = {
				ALWAYS_SEARCH_USER_PATHS = NO;
				CLANG_ANALYZER_NONNULL = YES;
				CLANG_ANALYZER_NUMBER_OBJECT_CONVERSION = YES_AGGRESSIVE;
				CLANG_CXX_LANGUAGE_STANDARD = "gnu++14";
				CLANG_CXX_LIBRARY = "libc++";
				CLANG_ENABLE_MODULES = YES;
				CLANG_ENABLE_OBJC_ARC = YES;
				CLANG_ENABLE_OBJC_WEAK = YES;
				CLANG_WARN_BLOCK_CAPTURE_AUTORELEASING = YES;
				CLANG_WARN_BOOL_CONVERSION = YES;
				CLANG_WARN_COMMA = YES;
				CLANG_WARN_CONSTANT_CONVERSION = YES;
				CLANG_WARN_DEPRECATED_OBJC_IMPLEMENTATIONS = YES;
				CLANG_WARN_DIRECT_OBJC_ISA_USAGE = YES_ERROR;
				CLANG_WARN_DOCUMENTATION_COMMENTS = YES;
				CLANG_WARN_EMPTY_BODY = YES;
				CLANG_WARN_ENUM_CONVERSION = YES;
				CLANG_WARN_INFINITE_RECURSION = YES;
				CLANG_WARN_INT_CONVERSION = YES;
				CLANG_WARN_NON_LITERAL_NULL_CONVERSION = YES;
				CLANG_WARN_OBJC_IMPLICIT_RETAIN_SELF = YES;
				CLANG_WARN_OBJC_LITERAL_CONVERSION = YES;
				CLANG_WARN_OBJC_ROOT_CLASS = YES_ERROR;
				CLANG_WARN_RANGE_LOOP_ANALYSIS = YES;
				CLANG_WARN_STRICT_PROTOTYPES = YES;
				CLANG_WARN_SUSPICIOUS_MOVE = YES;
				CLANG_WARN_UNGUARDED_AVAILABILITY = YES_AGGRESSIVE;
				CLANG_WARN_UNREACHABLE_CODE = YES;
				CLANG_WARN__DUPLICATE_METHOD_MATCH = YES;
				CODE_SIGN_IDENTITY = "iPhone Developer";
				COPY_PHASE_STRIP = NO;
				DEBUG_INFORMATION_FORMAT = dwarf;
				ENABLE_STRICT_OBJC_MSGSEND = YES;
				ENABLE_TESTABILITY = YES;
				GCC_C_LANGUAGE_STANDARD = gnu11;
				GCC_DYNAMIC_NO_PIC = NO;
				GCC_NO_COMMON_BLOCKS = YES;
				GCC_OPTIMIZATION_LEVEL = 0;
				GCC_PREPROCESSOR_DEFINITIONS = (
					"DEBUG=1",
					"$(inherited)",
				);
				GCC_WARN_64_TO_32_BIT_CONVERSION = YES;
				GCC_WARN_ABOUT_RETURN_TYPE = YES_ERROR;
				GCC_WARN_UNDECLARED_SELECTOR = YES;
				GCC_WARN_UNINITIALIZED_AUTOS = YES_AGGRESSIVE;
				GCC_WARN_UNUSED_FUNCTION = YES;
				GCC_WARN_UNUSED_VARIABLE = YES;
				IPHONEOS_DEPLOYMENT_TARGET = 12.2;
				MTL_ENABLE_DEBUG_INFO = INCLUDE_SOURCE;
				MTL_FAST_MATH = YES;
				ONLY_ACTIVE_ARCH = YES;
				SDKROOT = iphoneos;
				SWIFT_ACTIVE_COMPILATION_CONDITIONS = DEBUG;
				SWIFT_OPTIMIZATION_LEVEL = "-Onone";
			};
			name = Debug;
		};
		1DF814082307256800C244AE /* Release */ = {
			isa = XCBuildConfiguration;
			buildSettings = {
				ALWAYS_SEARCH_USER_PATHS = NO;
				CLANG_ANALYZER_NONNULL = YES;
				CLANG_ANALYZER_NUMBER_OBJECT_CONVERSION = YES_AGGRESSIVE;
				CLANG_CXX_LANGUAGE_STANDARD = "gnu++14";
				CLANG_CXX_LIBRARY = "libc++";
				CLANG_ENABLE_MODULES = YES;
				CLANG_ENABLE_OBJC_ARC = YES;
				CLANG_ENABLE_OBJC_WEAK = YES;
				CLANG_WARN_BLOCK_CAPTURE_AUTORELEASING = YES;
				CLANG_WARN_BOOL_CONVERSION = YES;
				CLANG_WARN_COMMA = YES;
				CLANG_WARN_CONSTANT_CONVERSION = YES;
				CLANG_WARN_DEPRECATED_OBJC_IMPLEMENTATIONS = YES;
				CLANG_WARN_DIRECT_OBJC_ISA_USAGE = YES_ERROR;
				CLANG_WARN_DOCUMENTATION_COMMENTS = YES;
				CLANG_WARN_EMPTY_BODY = YES;
				CLANG_WARN_ENUM_CONVERSION = YES;
				CLANG_WARN_INFINITE_RECURSION = YES;
				CLANG_WARN_INT_CONVERSION = YES;
				CLANG_WARN_NON_LITERAL_NULL_CONVERSION = YES;
				CLANG_WARN_OBJC_IMPLICIT_RETAIN_SELF = YES;
				CLANG_WARN_OBJC_LITERAL_CONVERSION = YES;
				CLANG_WARN_OBJC_ROOT_CLASS = YES_ERROR;
				CLANG_WARN_RANGE_LOOP_ANALYSIS = YES;
				CLANG_WARN_STRICT_PROTOTYPES = YES;
				CLANG_WARN_SUSPICIOUS_MOVE = YES;
				CLANG_WARN_UNGUARDED_AVAILABILITY = YES_AGGRESSIVE;
				CLANG_WARN_UNREACHABLE_CODE = YES;
				CLANG_WARN__DUPLICATE_METHOD_MATCH = YES;
				CODE_SIGN_IDENTITY = "iPhone Developer";
				COPY_PHASE_STRIP = NO;
				DEBUG_INFORMATION_FORMAT = "dwarf-with-dsym";
				ENABLE_NS_ASSERTIONS = NO;
				ENABLE_STRICT_OBJC_MSGSEND = YES;
				GCC_C_LANGUAGE_STANDARD = gnu11;
				GCC_NO_COMMON_BLOCKS = YES;
				GCC_WARN_64_TO_32_BIT_CONVERSION = YES;
				GCC_WARN_ABOUT_RETURN_TYPE = YES_ERROR;
				GCC_WARN_UNDECLARED_SELECTOR = YES;
				GCC_WARN_UNINITIALIZED_AUTOS = YES_AGGRESSIVE;
				GCC_WARN_UNUSED_FUNCTION = YES;
				GCC_WARN_UNUSED_VARIABLE = YES;
				IPHONEOS_DEPLOYMENT_TARGET = 12.2;
				MTL_ENABLE_DEBUG_INFO = NO;
				MTL_FAST_MATH = YES;
				SDKROOT = iphoneos;
				SWIFT_COMPILATION_MODE = wholemodule;
				SWIFT_OPTIMIZATION_LEVEL = "-O";
				VALIDATE_PRODUCT = YES;
			};
			name = Release;
		};
		1DF8140A2307256800C244AE /* Debug */ = {
			isa = XCBuildConfiguration;
			buildSettings = {
				ASSETCATALOG_COMPILER_APPICON_NAME = AppIcon;
				CODE_SIGN_STYLE = Automatic;
				DEVELOPMENT_TEAM = T956U6KKAA;
				INFOPLIST_FILE = TwitterProfileLayout/Info.plist;
				LD_RUNPATH_SEARCH_PATHS = (
					"$(inherited)",
					"@executable_path/Frameworks",
				);
				PRODUCT_BUNDLE_IDENTIFIER = in.vibhorgupta.TwitterProfileLayout;
				PRODUCT_NAME = "$(TARGET_NAME)";
				SWIFT_VERSION = 5.0;
				TARGETED_DEVICE_FAMILY = "1,2";
			};
			name = Debug;
		};
		1DF8140B2307256800C244AE /* Release */ = {
			isa = XCBuildConfiguration;
			buildSettings = {
				ASSETCATALOG_COMPILER_APPICON_NAME = AppIcon;
				CODE_SIGN_STYLE = Automatic;
				DEVELOPMENT_TEAM = T956U6KKAA;
				INFOPLIST_FILE = TwitterProfileLayout/Info.plist;
				LD_RUNPATH_SEARCH_PATHS = (
					"$(inherited)",
					"@executable_path/Frameworks",
				);
				PRODUCT_BUNDLE_IDENTIFIER = in.vibhorgupta.TwitterProfileLayout;
				PRODUCT_NAME = "$(TARGET_NAME)";
				SWIFT_VERSION = 5.0;
				TARGETED_DEVICE_FAMILY = "1,2";
			};
			name = Release;
		};
/* End XCBuildConfiguration section */

/* Begin XCConfigurationList section */
		1DF813F22307256600C244AE /* Build configuration list for PBXProject "TwitterProfileLayout" */ = {
			isa = XCConfigurationList;
			buildConfigurations = (
				1DF814072307256800C244AE /* Debug */,
				1DF814082307256800C244AE /* Release */,
			);
			defaultConfigurationIsVisible = 0;
			defaultConfigurationName = Release;
		};
		1DF814092307256800C244AE /* Build configuration list for PBXNativeTarget "TwitterProfileLayout" */ = {
			isa = XCConfigurationList;
			buildConfigurations = (
				1DF8140A2307256800C244AE /* Debug */,
				1DF8140B2307256800C244AE /* Release */,
			);
			defaultConfigurationIsVisible = 0;
			defaultConfigurationName = Release;
		};
/* End XCConfigurationList section */
	};
	rootObject = 1DF813EF2307256600C244AE /* Project object */;
}
